PODS:
  - elements (0.1.0):
    - Tapglue (= 1.1.3)
  - Tapglue (1.1.3)

DEPENDENCIES:
  - elements (from `../`)
  - Tapglue (= 1.1.3)

EXTERNAL SOURCES:
  elements:
    :path: ../

SPEC CHECKSUMS:
  elements: f757ea561dececfc41c4cd54a40690e7fb17d747
  Tapglue: 11ed889d2eef525155686bf173173e52f2d57e28

COCOAPODS: 0.39.0
