PODS:
  - elements (0.1.0):
    - Tapglue (= 1.1.0)
  - Tapglue (1.1.0)

DEPENDENCIES:
  - elements (from `../`)
  - Tapglue

EXTERNAL SOURCES:
  elements:
    :path: ../

SPEC CHECKSUMS:
  elements: b9b472f788217a6a537d4ce81d80431299b337e6
  Tapglue: 814922d5c4126f8511ffb887d58c5fb7a6111e0c

PODFILE CHECKSUM: 85ffc3829e96eff878eae0489e460a057bdb6b34

COCOAPODS: 1.0.0.beta.5
